
Microsoft Visual Studio Solution File, Format Version 12.00
# Visual Studio Version 17
VisualStudioVersion = 17.0.32002.185
MinimumVisualStudioVersion = 10.0.40219.1
Project("{2150E333-8FDC-42A3-9474-1A3956D46DE8}") = "1.6", "1.6", "{A4875778-F187-4E9C-9DCA-8CEA3573F477}"
EndProject
Project("{2150E333-8FDC-42A3-9474-1A3956D46DE8}") = "2.0", "2.0", "{944FF6E4-DA63-4476-8FBD-66787F9DD6F6}"
EndProject
Project("{2150E333-8FDC-42A3-9474-1A3956D46DE8}") = "FW", "FW", "{E62BA387-DC89-44B6-90D4-54D6384FAE08}"
EndProject
Project("{2150E333-8FDC-42A3-9474-1A3956D46DE8}") = "NET", "NET", "{D3B78898-D0AF-4C2F-A9D1-A36C6887C1EC}"
EndProject
Project("{2150E333-8FDC-42A3-9474-1A3956D46DE8}") = "FW", "FW", "{52F6018C-6796-42DD-8F36-DE1FF520F609}"
EndProject
Project("{2150E333-8FDC-42A3-9474-1A3956D46DE8}") = "NET", "NET", "{E23F0F98-2728-42A1-AA06-9A1E3007211E}"
EndProject
Project("{FAE04EC0-301F-11D3-BF4B-00C04F79EFBC}") = "SuperSocket.Common", "Project\1.6\FW\Libraries\SuperSocket.Common\SuperSocket.Common.csproj", "{9914CC0A-6688-486D-BCE7-2B01ED805552}"
EndProject
Project("{FAE04EC0-301F-11D3-BF4B-00C04F79EFBC}") = "SuperSocket.SocketBase", "Project\1.6\FW\Libraries\SuperSocket.SocketBase\SuperSocket.SocketBase.csproj", "{F6153740-A27D-4264-9954-EB1DB3428B86}"
EndProject
Project("{FAE04EC0-301F-11D3-BF4B-00C04F79EFBC}") = "SuperSocket.Facility", "Project\1.6\FW\Libraries\SuperSocket.Facility\SuperSocket.Facility.csproj", "{C0E74099-9E9D-4DE7-B65B-2459008C43E4}"
EndProject
Project("{FAE04EC0-301F-11D3-BF4B-00C04F79EFBC}") = "SuperSocket.Dlr", "Project\1.6\FW\Libraries\SuperSocket.Dlr\SuperSocket.Dlr.csproj", "{8418E93E-E242-4AE0-8E3D-BABB9A05AB6E}"
EndProject
Global
	GlobalSection(SolutionConfigurationPlatforms) = preSolution
		Debug|Any CPU = Debug|Any CPU
		Release|Any CPU = Release|Any CPU
	EndGlobalSection
	GlobalSection(ProjectConfigurationPlatforms) = postSolution
		{9914CC0A-6688-486D-BCE7-2B01ED805552}.Debug|Any CPU.ActiveCfg = Debug|Any CPU
		{9914CC0A-6688-486D-BCE7-2B01ED805552}.Debug|Any CPU.Build.0 = Debug|Any CPU
		{9914CC0A-6688-486D-BCE7-2B01ED805552}.Release|Any CPU.ActiveCfg = Release|Any CPU
		{9914CC0A-6688-486D-BCE7-2B01ED805552}.Release|Any CPU.Build.0 = Release|Any CPU
		{F6153740-A27D-4264-9954-EB1DB3428B86}.Debug|Any CPU.ActiveCfg = Debug|Any CPU
		{F6153740-A27D-4264-9954-EB1DB3428B86}.Debug|Any CPU.Build.0 = Debug|Any CPU
		{F6153740-A27D-4264-9954-EB1DB3428B86}.Release|Any CPU.ActiveCfg = Release|Any CPU
		{F6153740-A27D-4264-9954-EB1DB3428B86}.Release|Any CPU.Build.0 = Release|Any CPU
		{C0E74099-9E9D-4DE7-B65B-2459008C43E4}.Debug|Any CPU.ActiveCfg = Debug|Any CPU
		{C0E74099-9E9D-4DE7-B65B-2459008C43E4}.Debug|Any CPU.Build.0 = Debug|Any CPU
		{C0E74099-9E9D-4DE7-B65B-2459008C43E4}.Release|Any CPU.ActiveCfg = Release|Any CPU
		{C0E74099-9E9D-4DE7-B65B-2459008C43E4}.Release|Any CPU.Build.0 = Release|Any CPU
		{8418E93E-E242-4AE0-8E3D-BABB9A05AB6E}.Debug|Any CPU.ActiveCfg = Debug|Any CPU
		{8418E93E-E242-4AE0-8E3D-BABB9A05AB6E}.Debug|Any CPU.Build.0 = Debug|Any CPU
		{8418E93E-E242-4AE0-8E3D-BABB9A05AB6E}.Release|Any CPU.ActiveCfg = Release|Any CPU
		{8418E93E-E242-4AE0-8E3D-BABB9A05AB6E}.Release|Any CPU.Build.0 = Release|Any CPU
	EndGlobalSection
	GlobalSection(SolutionProperties) = preSolution
		HideSolutionNode = FALSE
	EndGlobalSection
	GlobalSection(NestedProjects) = preSolution
		{E62BA387-DC89-44B6-90D4-54D6384FAE08} = {A4875778-F187-4E9C-9DCA-8CEA3573F477}
		{D3B78898-D0AF-4C2F-A9D1-A36C6887C1EC} = {A4875778-F187-4E9C-9DCA-8CEA3573F477}
		{52F6018C-6796-42DD-8F36-DE1FF520F609} = {944FF6E4-DA63-4476-8FBD-66787F9DD6F6}
		{E23F0F98-2728-42A1-AA06-9A1E3007211E} = {944FF6E4-DA63-4476-8FBD-66787F9DD6F6}
		{9914CC0A-6688-486D-BCE7-2B01ED805552} = {E62BA387-DC89-44B6-90D4-54D6384FAE08}
		{F6153740-A27D-4264-9954-EB1DB3428B86} = {E62BA387-DC89-44B6-90D4-54D6384FAE08}
		{C0E74099-9E9D-4DE7-B65B-2459008C43E4} = {E62BA387-DC89-44B6-90D4-54D6384FAE08}
		{8418E93E-E242-4AE0-8E3D-BABB9A05AB6E} = {E62BA387-DC89-44B6-90D4-54D6384FAE08}
	EndGlobalSection
	GlobalSection(ExtensibilityGlobals) = postSolution
		SolutionGuid = {39549395-9EB6-4FB7-97A0-F532F4D7290D}
	EndGlobalSection
EndGlobal
