
Microsoft Visual Studio Solution File, Format Version 12.00
# Visual Studio Version 17
VisualStudioVersion = 17.0.31903.59
MinimumVisualStudioVersion = 10.0.40219.1
Project("{2150E333-8FDC-42A3-9474-1A3956D46DE8}") = "NET", "NET", "{248E63D8-CFC1-4E73-A7C8-1B90325DCCFB}"
EndProject
Project("{2150E333-8FDC-42A3-9474-1A3956D46DE8}") = "FW", "FW", "{0DEA6F3A-1A3A-476E-9025-55AB2C7F408A}"
EndProject
Project("{2150E333-8FDC-42A3-9474-1A3956D46DE8}") = "Library", "Library", "{402C28D4-D53A-4E65-AF6C-CDAA63B5444A}"
EndProject
Project("{2150E333-8FDC-42A3-9474-1A3956D46DE8}") = "Example", "Example", "{C7B40BA4-1664-4710-BF7F-6125D2B801CC}"
EndProject
Project("{2150E333-8FDC-42A3-9474-1A3956D46DE8}") = "Example", "Example", "{4EC11E11-589A-4881-8C05-B7DDFCD9E71C}"
EndProject
Project("{2150E333-8FDC-42A3-9474-1A3956D46DE8}") = "Library", "Library", "{80431EB9-4500-4D99-A586-4F89EDA5DE68}"
EndProject
Project("{FAE04EC0-301F-11D3-BF4B-00C04F79EFBC}") = "temp", "NET\Library\temp\temp.csproj", "{48319013-5C28-45C4-9436-E69206AD7524}"
EndProject
Project("{FAE04EC0-301F-11D3-BF4B-00C04F79EFBC}") = "ConsoleApp1", "NET\Example\ConsoleApp1\ConsoleApp1.csproj", "{82CA61C7-790A-4FBC-9A0E-8B5FA99326CE}"
EndProject
Project("{FAE04EC0-301F-11D3-BF4B-00C04F79EFBC}") = "ClassLibrary1", "FW\Library\ClassLibrary1\ClassLibrary1.csproj", "{3B1691B3-2147-4C68-9122-84853A574C68}"
EndProject
Project("{FAE04EC0-301F-11D3-BF4B-00C04F79EFBC}") = "ConsoleApp2", "FW\Example\ConsoleApp2\ConsoleApp2.csproj", "{D357FA5D-D2BA-4E1A-93D7-D5F7D33C4FEA}"
EndProject
Global
	GlobalSection(SolutionConfigurationPlatforms) = preSolution
		Debug|Any CPU = Debug|Any CPU
		Release|Any CPU = Release|Any CPU
	EndGlobalSection
	GlobalSection(ProjectConfigurationPlatforms) = postSolution
		{48319013-5C28-45C4-9436-E69206AD7524}.Debug|Any CPU.ActiveCfg = Debug|Any CPU
		{48319013-5C28-45C4-9436-E69206AD7524}.Debug|Any CPU.Build.0 = Debug|Any CPU
		{48319013-5C28-45C4-9436-E69206AD7524}.Release|Any CPU.ActiveCfg = Release|Any CPU
		{48319013-5C28-45C4-9436-E69206AD7524}.Release|Any CPU.Build.0 = Release|Any CPU
		{82CA61C7-790A-4FBC-9A0E-8B5FA99326CE}.Debug|Any CPU.ActiveCfg = Debug|Any CPU
		{82CA61C7-790A-4FBC-9A0E-8B5FA99326CE}.Debug|Any CPU.Build.0 = Debug|Any CPU
		{82CA61C7-790A-4FBC-9A0E-8B5FA99326CE}.Release|Any CPU.ActiveCfg = Release|Any CPU
		{82CA61C7-790A-4FBC-9A0E-8B5FA99326CE}.Release|Any CPU.Build.0 = Release|Any CPU
		{3B1691B3-2147-4C68-9122-84853A574C68}.Debug|Any CPU.ActiveCfg = Debug|Any CPU
		{3B1691B3-2147-4C68-9122-84853A574C68}.Debug|Any CPU.Build.0 = Debug|Any CPU
		{3B1691B3-2147-4C68-9122-84853A574C68}.Release|Any CPU.ActiveCfg = Release|Any CPU
		{3B1691B3-2147-4C68-9122-84853A574C68}.Release|Any CPU.Build.0 = Release|Any CPU
		{D357FA5D-D2BA-4E1A-93D7-D5F7D33C4FEA}.Debug|Any CPU.ActiveCfg = Debug|Any CPU
		{D357FA5D-D2BA-4E1A-93D7-D5F7D33C4FEA}.Debug|Any CPU.Build.0 = Debug|Any CPU
		{D357FA5D-D2BA-4E1A-93D7-D5F7D33C4FEA}.Release|Any CPU.ActiveCfg = Release|Any CPU
		{D357FA5D-D2BA-4E1A-93D7-D5F7D33C4FEA}.Release|Any CPU.Build.0 = Release|Any CPU
	EndGlobalSection
	GlobalSection(SolutionProperties) = preSolution
		HideSolutionNode = FALSE
	EndGlobalSection
	GlobalSection(NestedProjects) = preSolution
		{402C28D4-D53A-4E65-AF6C-CDAA63B5444A} = {0DEA6F3A-1A3A-476E-9025-55AB2C7F408A}
		{C7B40BA4-1664-4710-BF7F-6125D2B801CC} = {0DEA6F3A-1A3A-476E-9025-55AB2C7F408A}
		{4EC11E11-589A-4881-8C05-B7DDFCD9E71C} = {248E63D8-CFC1-4E73-A7C8-1B90325DCCFB}
		{80431EB9-4500-4D99-A586-4F89EDA5DE68} = {248E63D8-CFC1-4E73-A7C8-1B90325DCCFB}
		{48319013-5C28-45C4-9436-E69206AD7524} = {80431EB9-4500-4D99-A586-4F89EDA5DE68}
		{82CA61C7-790A-4FBC-9A0E-8B5FA99326CE} = {4EC11E11-589A-4881-8C05-B7DDFCD9E71C}
		{3B1691B3-2147-4C68-9122-84853A574C68} = {402C28D4-D53A-4E65-AF6C-CDAA63B5444A}
		{D357FA5D-D2BA-4E1A-93D7-D5F7D33C4FEA} = {C7B40BA4-1664-4710-BF7F-6125D2B801CC}
	EndGlobalSection
	GlobalSection(ExtensibilityGlobals) = postSolution
		SolutionGuid = {39549395-9EB6-4FB7-97A0-F532F4D7290D}
	EndGlobalSection
EndGlobal
